
Microsoft Visual Studio Solution File, Format Version 12.00
# Visual Studio 2012
Project("{FAE04EC0-301F-11D3-BF4B-00C04F79EFBC}") = "Chipotle.Entity", "Chipotle.Entity\Chipotle.Entity.csproj", "{354944AA-0E2C-4609-80FD-E72F60E5EEBE}"
EndProject
Project("{FAE04EC0-301F-11D3-BF4B-00C04F79EFBC}") = "Chipotle.Data", "Chipotle.Data\Chipotle.Data.csproj", "{001BC849-8D6C-480C-8852-87AD88022C69}"
EndProject
Project("{FAE04EC0-301F-11D3-BF4B-00C04F79EFBC}") = "Repository", "Repository\Repository.csproj", "{6E682A14-C872-4813-B620-76E108DEA683}"
EndProject
Project("{FAE04EC0-301F-11D3-BF4B-00C04F79EFBC}") = "Chipotle.Web", "Chipotle.Web\Chipotle.Web.csproj", "{7722EEBA-AC6F-41EF-AAF9-D13BCA4A5B5F}"
EndProject
Project("{2150E333-8FDC-42A3-9474-1A3956D46DE8}") = "Tests", "Tests", "{A5EF42D6-92D2-412B-A6EF-F437A1391304}"
EndProject
Project("{2150E333-8FDC-42A3-9474-1A3956D46DE8}") = "Data", "Data", "{E5A5C260-9ECC-4F7E-B40F-0CC71D5DDE20}"
EndProject
Project("{2150E333-8FDC-42A3-9474-1A3956D46DE8}") = "Entity", "Entity", "{2CD63766-1FDA-4675-B259-7900705ED58D}"
EndProject
Project("{2150E333-8FDC-42A3-9474-1A3956D46DE8}") = "Service", "Service", "{4AE9F7D0-8A1F-4279-A642-4DD91873075F}"
EndProject
Project("{2150E333-8FDC-42A3-9474-1A3956D46DE8}") = "UI", "UI", "{62326320-74ED-4673-B5FE-77393DD06EF6}"
EndProject
Project("{2150E333-8FDC-42A3-9474-1A3956D46DE8}") = "Frameworks", "Frameworks", "{C25798C7-891B-413F-8702-012BDA812C0F}"
EndProject
Project("{FAE04EC0-301F-11D3-BF4B-00C04F79EFBC}") = "Chipotle.Web.Tests", "Chipotle.Web.Tests\Chipotle.Web.Tests.csproj", "{E8979C16-D7BB-4425-B601-A8EA430DB9E7}"
EndProject
Project("{FAE04EC0-301F-11D3-BF4B-00C04F79EFBC}") = "Chipotle.Service", "Chipotle.Service\Chipotle.Service.csproj", "{1AFC1FFD-DA48-46B4-A6AA-F933DF96A13A}"
EndProject
Project("{FAE04EC0-301F-11D3-BF4B-00C04F79EFBC}") = "Chipotle.Web.ServiceClient", "Chipotle.Web.ServiceClient\Chipotle.Web.ServiceClient.csproj", "{87DA68D1-81EC-4FC5-8BFF-B6A799CEA7AC}"
EndProject
Global
	GlobalSection(SolutionConfigurationPlatforms) = preSolution
		Debug|Any CPU = Debug|Any CPU
		Debug|x86 = Debug|x86
		Release|Any CPU = Release|Any CPU
		Release|x86 = Release|x86
	EndGlobalSection
	GlobalSection(ProjectConfigurationPlatforms) = postSolution
		{354944AA-0E2C-4609-80FD-E72F60E5EEBE}.Debug|Any CPU.ActiveCfg = Debug|Any CPU
		{354944AA-0E2C-4609-80FD-E72F60E5EEBE}.Debug|Any CPU.Build.0 = Debug|Any CPU
		{354944AA-0E2C-4609-80FD-E72F60E5EEBE}.Debug|x86.ActiveCfg = Debug|Any CPU
		{354944AA-0E2C-4609-80FD-E72F60E5EEBE}.Release|Any CPU.ActiveCfg = Release|Any CPU
		{354944AA-0E2C-4609-80FD-E72F60E5EEBE}.Release|Any CPU.Build.0 = Release|Any CPU
		{354944AA-0E2C-4609-80FD-E72F60E5EEBE}.Release|x86.ActiveCfg = Release|Any CPU
		{001BC849-8D6C-480C-8852-87AD88022C69}.Debug|Any CPU.ActiveCfg = Debug|Any CPU
		{001BC849-8D6C-480C-8852-87AD88022C69}.Debug|Any CPU.Build.0 = Debug|Any CPU
		{001BC849-8D6C-480C-8852-87AD88022C69}.Debug|x86.ActiveCfg = Debug|Any CPU
		{001BC849-8D6C-480C-8852-87AD88022C69}.Release|Any CPU.ActiveCfg = Release|Any CPU
		{001BC849-8D6C-480C-8852-87AD88022C69}.Release|Any CPU.Build.0 = Release|Any CPU
		{001BC849-8D6C-480C-8852-87AD88022C69}.Release|x86.ActiveCfg = Release|Any CPU
		{6E682A14-C872-4813-B620-76E108DEA683}.Debug|Any CPU.ActiveCfg = Debug|Any CPU
		{6E682A14-C872-4813-B620-76E108DEA683}.Debug|Any CPU.Build.0 = Debug|Any CPU
		{6E682A14-C872-4813-B620-76E108DEA683}.Debug|x86.ActiveCfg = Debug|x86
		{6E682A14-C872-4813-B620-76E108DEA683}.Debug|x86.Build.0 = Debug|x86
		{6E682A14-C872-4813-B620-76E108DEA683}.Release|Any CPU.ActiveCfg = Release|Any CPU
		{6E682A14-C872-4813-B620-76E108DEA683}.Release|Any CPU.Build.0 = Release|Any CPU
		{6E682A14-C872-4813-B620-76E108DEA683}.Release|x86.ActiveCfg = Release|x86
		{6E682A14-C872-4813-B620-76E108DEA683}.Release|x86.Build.0 = Release|x86
		{7722EEBA-AC6F-41EF-AAF9-D13BCA4A5B5F}.Debug|Any CPU.ActiveCfg = Debug|Any CPU
		{7722EEBA-AC6F-41EF-AAF9-D13BCA4A5B5F}.Debug|Any CPU.Build.0 = Debug|Any CPU
		{7722EEBA-AC6F-41EF-AAF9-D13BCA4A5B5F}.Debug|x86.ActiveCfg = Debug|Any CPU
		{7722EEBA-AC6F-41EF-AAF9-D13BCA4A5B5F}.Release|Any CPU.ActiveCfg = Release|Any CPU
		{7722EEBA-AC6F-41EF-AAF9-D13BCA4A5B5F}.Release|Any CPU.Build.0 = Release|Any CPU
		{7722EEBA-AC6F-41EF-AAF9-D13BCA4A5B5F}.Release|x86.ActiveCfg = Release|Any CPU
		{E8979C16-D7BB-4425-B601-A8EA430DB9E7}.Debug|Any CPU.ActiveCfg = Debug|Any CPU
		{E8979C16-D7BB-4425-B601-A8EA430DB9E7}.Debug|Any CPU.Build.0 = Debug|Any CPU
		{E8979C16-D7BB-4425-B601-A8EA430DB9E7}.Debug|x86.ActiveCfg = Debug|Any CPU
		{E8979C16-D7BB-4425-B601-A8EA430DB9E7}.Release|Any CPU.ActiveCfg = Release|Any CPU
		{E8979C16-D7BB-4425-B601-A8EA430DB9E7}.Release|Any CPU.Build.0 = Release|Any CPU
		{E8979C16-D7BB-4425-B601-A8EA430DB9E7}.Release|x86.ActiveCfg = Release|Any CPU
		{1AFC1FFD-DA48-46B4-A6AA-F933DF96A13A}.Debug|Any CPU.ActiveCfg = Debug|Any CPU
		{1AFC1FFD-DA48-46B4-A6AA-F933DF96A13A}.Debug|Any CPU.Build.0 = Debug|Any CPU
		{1AFC1FFD-DA48-46B4-A6AA-F933DF96A13A}.Debug|x86.ActiveCfg = Debug|Any CPU
		{1AFC1FFD-DA48-46B4-A6AA-F933DF96A13A}.Release|Any CPU.ActiveCfg = Release|Any CPU
		{1AFC1FFD-DA48-46B4-A6AA-F933DF96A13A}.Release|Any CPU.Build.0 = Release|Any CPU
		{1AFC1FFD-DA48-46B4-A6AA-F933DF96A13A}.Release|x86.ActiveCfg = Release|Any CPU
		{87DA68D1-81EC-4FC5-8BFF-B6A799CEA7AC}.Debug|Any CPU.ActiveCfg = Debug|Any CPU
		{87DA68D1-81EC-4FC5-8BFF-B6A799CEA7AC}.Debug|Any CPU.Build.0 = Debug|Any CPU
		{87DA68D1-81EC-4FC5-8BFF-B6A799CEA7AC}.Debug|x86.ActiveCfg = Debug|Any CPU
		{87DA68D1-81EC-4FC5-8BFF-B6A799CEA7AC}.Release|Any CPU.ActiveCfg = Release|Any CPU
		{87DA68D1-81EC-4FC5-8BFF-B6A799CEA7AC}.Release|Any CPU.Build.0 = Release|Any CPU
		{87DA68D1-81EC-4FC5-8BFF-B6A799CEA7AC}.Release|x86.ActiveCfg = Release|Any CPU
	EndGlobalSection
	GlobalSection(SolutionProperties) = preSolution
		HideSolutionNode = FALSE
	EndGlobalSection
	GlobalSection(NestedProjects) = preSolution
		{354944AA-0E2C-4609-80FD-E72F60E5EEBE} = {2CD63766-1FDA-4675-B259-7900705ED58D}
		{001BC849-8D6C-480C-8852-87AD88022C69} = {E5A5C260-9ECC-4F7E-B40F-0CC71D5DDE20}
		{6E682A14-C872-4813-B620-76E108DEA683} = {C25798C7-891B-413F-8702-012BDA812C0F}
		{7722EEBA-AC6F-41EF-AAF9-D13BCA4A5B5F} = {62326320-74ED-4673-B5FE-77393DD06EF6}
		{87DA68D1-81EC-4FC5-8BFF-B6A799CEA7AC} = {62326320-74ED-4673-B5FE-77393DD06EF6}
		{E8979C16-D7BB-4425-B601-A8EA430DB9E7} = {A5EF42D6-92D2-412B-A6EF-F437A1391304}
		{1AFC1FFD-DA48-46B4-A6AA-F933DF96A13A} = {4AE9F7D0-8A1F-4279-A642-4DD91873075F}
	EndGlobalSection
EndGlobal
